
Microsoft Visual Studio Solution File, Format Version 12.00
# Visual Studio 15
VisualStudioVersion = 15.0.28010.2036
MinimumVisualStudioVersion = 10.0.40219.1
Project("{9A19103F-16F7-4668-BE54-9A1E7A4F7556}") = "IggieNotifications", "IggieNotifications\IggieNotifications.csproj", "{F8D9AB4F-D864-41EF-A8E2-925E1104F9A8}"
EndProject
Project("{9A19103F-16F7-4668-BE54-9A1E7A4F7556}") = "XUnitTestIggieNotifications", "XUnitTestIggieNotifications\XUnitTestIggieNotifications.csproj", "{76B1BD60-B32E-4342-96E6-7B17EFAEC212}"
EndProject
Global
	GlobalSection(SolutionConfigurationPlatforms) = preSolution
		Debug|Any CPU = Debug|Any CPU
		Release|Any CPU = Release|Any CPU
	EndGlobalSection
	GlobalSection(ProjectConfigurationPlatforms) = postSolution
		{F8D9AB4F-D864-41EF-A8E2-925E1104F9A8}.Debug|Any CPU.ActiveCfg = Debug|Any CPU
		{F8D9AB4F-D864-41EF-A8E2-925E1104F9A8}.Debug|Any CPU.Build.0 = Debug|Any CPU
		{F8D9AB4F-D864-41EF-A8E2-925E1104F9A8}.Release|Any CPU.ActiveCfg = Release|Any CPU
		{F8D9AB4F-D864-41EF-A8E2-925E1104F9A8}.Release|Any CPU.Build.0 = Release|Any CPU
		{76B1BD60-B32E-4342-96E6-7B17EFAEC212}.Debug|Any CPU.ActiveCfg = Debug|Any CPU
		{76B1BD60-B32E-4342-96E6-7B17EFAEC212}.Debug|Any CPU.Build.0 = Debug|Any CPU
		{76B1BD60-B32E-4342-96E6-7B17EFAEC212}.Release|Any CPU.ActiveCfg = Release|Any CPU
		{76B1BD60-B32E-4342-96E6-7B17EFAEC212}.Release|Any CPU.Build.0 = Release|Any CPU
	EndGlobalSection
	GlobalSection(SolutionProperties) = preSolution
		HideSolutionNode = FALSE
	EndGlobalSection
	GlobalSection(ExtensibilityGlobals) = postSolution
		SolutionGuid = {75740C09-AD97-41C9-BEFB-065F87277710}
	EndGlobalSection
EndGlobal
